
Microsoft Visual Studio Solution File, Format Version 12.00
# Visual Studio 15
VisualStudioVersion = 15.0.26124.0
MinimumVisualStudioVersion = 15.0.26124.0
Project("{FAE04EC0-301F-11D3-BF4B-00C04F79EFBC}") = "API", "API\API.csproj", "{7154544C-5E65-45FC-80AE-8C27F61DB922}"
EndProject
Project("{FAE04EC0-301F-11D3-BF4B-00C04F79EFBC}") = "Core", "Core\Core.csproj", "{98A588B9-0C3A-4991-A865-CB94CA563192}"
EndProject
Project("{FAE04EC0-301F-11D3-BF4B-00C04F79EFBC}") = "Infrastructure", "Infrastructure\Infrastructure.csproj", "{F5B75C36-19A4-4ED0-956D-5A85176F9647}"
EndProject
Global
	GlobalSection(SolutionConfigurationPlatforms) = preSolution
		Debug|Any CPU = Debug|Any CPU
		Debug|x64 = Debug|x64
		Debug|x86 = Debug|x86
		Release|Any CPU = Release|Any CPU
		Release|x64 = Release|x64
		Release|x86 = Release|x86
	EndGlobalSection
	GlobalSection(SolutionProperties) = preSolution
		HideSolutionNode = FALSE
	EndGlobalSection
	GlobalSection(ProjectConfigurationPlatforms) = postSolution
		{7154544C-5E65-45FC-80AE-8C27F61DB922}.Debug|Any CPU.ActiveCfg = Debug|Any CPU
		{7154544C-5E65-45FC-80AE-8C27F61DB922}.Debug|Any CPU.Build.0 = Debug|Any CPU
		{7154544C-5E65-45FC-80AE-8C27F61DB922}.Debug|x64.ActiveCfg = Debug|Any CPU
		{7154544C-5E65-45FC-80AE-8C27F61DB922}.Debug|x64.Build.0 = Debug|Any CPU
		{7154544C-5E65-45FC-80AE-8C27F61DB922}.Debug|x86.ActiveCfg = Debug|Any CPU
		{7154544C-5E65-45FC-80AE-8C27F61DB922}.Debug|x86.Build.0 = Debug|Any CPU
		{7154544C-5E65-45FC-80AE-8C27F61DB922}.Release|Any CPU.ActiveCfg = Release|Any CPU
		{7154544C-5E65-45FC-80AE-8C27F61DB922}.Release|Any CPU.Build.0 = Release|Any CPU
		{7154544C-5E65-45FC-80AE-8C27F61DB922}.Release|x64.ActiveCfg = Release|Any CPU
		{7154544C-5E65-45FC-80AE-8C27F61DB922}.Release|x64.Build.0 = Release|Any CPU
		{7154544C-5E65-45FC-80AE-8C27F61DB922}.Release|x86.ActiveCfg = Release|Any CPU
		{7154544C-5E65-45FC-80AE-8C27F61DB922}.Release|x86.Build.0 = Release|Any CPU
		{98A588B9-0C3A-4991-A865-CB94CA563192}.Debug|Any CPU.ActiveCfg = Debug|Any CPU
		{98A588B9-0C3A-4991-A865-CB94CA563192}.Debug|Any CPU.Build.0 = Debug|Any CPU
		{98A588B9-0C3A-4991-A865-CB94CA563192}.Debug|x64.ActiveCfg = Debug|Any CPU
		{98A588B9-0C3A-4991-A865-CB94CA563192}.Debug|x64.Build.0 = Debug|Any CPU
		{98A588B9-0C3A-4991-A865-CB94CA563192}.Debug|x86.ActiveCfg = Debug|Any CPU
		{98A588B9-0C3A-4991-A865-CB94CA563192}.Debug|x86.Build.0 = Debug|Any CPU
		{98A588B9-0C3A-4991-A865-CB94CA563192}.Release|Any CPU.ActiveCfg = Release|Any CPU
		{98A588B9-0C3A-4991-A865-CB94CA563192}.Release|Any CPU.Build.0 = Release|Any CPU
		{98A588B9-0C3A-4991-A865-CB94CA563192}.Release|x64.ActiveCfg = Release|Any CPU
		{98A588B9-0C3A-4991-A865-CB94CA563192}.Release|x64.Build.0 = Release|Any CPU
		{98A588B9-0C3A-4991-A865-CB94CA563192}.Release|x86.ActiveCfg = Release|Any CPU
		{98A588B9-0C3A-4991-A865-CB94CA563192}.Release|x86.Build.0 = Release|Any CPU
		{F5B75C36-19A4-4ED0-956D-5A85176F9647}.Debug|Any CPU.ActiveCfg = Debug|Any CPU
		{F5B75C36-19A4-4ED0-956D-5A85176F9647}.Debug|Any CPU.Build.0 = Debug|Any CPU
		{F5B75C36-19A4-4ED0-956D-5A85176F9647}.Debug|x64.ActiveCfg = Debug|Any CPU
		{F5B75C36-19A4-4ED0-956D-5A85176F9647}.Debug|x64.Build.0 = Debug|Any CPU
		{F5B75C36-19A4-4ED0-956D-5A85176F9647}.Debug|x86.ActiveCfg = Debug|Any CPU
		{F5B75C36-19A4-4ED0-956D-5A85176F9647}.Debug|x86.Build.0 = Debug|Any CPU
		{F5B75C36-19A4-4ED0-956D-5A85176F9647}.Release|Any CPU.ActiveCfg = Release|Any CPU
		{F5B75C36-19A4-4ED0-956D-5A85176F9647}.Release|Any CPU.Build.0 = Release|Any CPU
		{F5B75C36-19A4-4ED0-956D-5A85176F9647}.Release|x64.ActiveCfg = Release|Any CPU
		{F5B75C36-19A4-4ED0-956D-5A85176F9647}.Release|x64.Build.0 = Release|Any CPU
		{F5B75C36-19A4-4ED0-956D-5A85176F9647}.Release|x86.ActiveCfg = Release|Any CPU
		{F5B75C36-19A4-4ED0-956D-5A85176F9647}.Release|x86.Build.0 = Release|Any CPU
	EndGlobalSection
EndGlobal
